
Microsoft Visual Studio Solution File, Format Version 12.00
# Visual Studio 15
VisualStudioVersion = 15.0.28010.2019
MinimumVisualStudioVersion = 10.0.40219.1
Project("{FAE04EC0-301F-11D3-BF4B-00C04F79EFBC}") = "Design_Bureau.Api", "Design_Bureau.Api\Design_Bureau.Api.csproj", "{4C09DBD7-2FB1-4847-AA77-EF9029CCFA98}"
EndProject
Project("{FAE04EC0-301F-11D3-BF4B-00C04F79EFBC}") = "Design_Bureau.Entities", "Design_Bureau.Entities\Design_Bureau.Entities.csproj", "{19F326EF-8B40-49DD-8586-6374091A4E0D}"
EndProject
Project("{FAE04EC0-301F-11D3-BF4B-00C04F79EFBC}") = "Design_Bureau.DAL", "Design_Bureau.DAL\Design_Bureau.DAL.csproj", "{10778C6F-A256-4A70-8204-CF1FBB4A4BEE}"
EndProject
Global
	GlobalSection(SolutionConfigurationPlatforms) = preSolution
		Debug|Any CPU = Debug|Any CPU
		Release|Any CPU = Release|Any CPU
	EndGlobalSection
	GlobalSection(ProjectConfigurationPlatforms) = postSolution
		{4C09DBD7-2FB1-4847-AA77-EF9029CCFA98}.Debug|Any CPU.ActiveCfg = Debug|Any CPU
		{4C09DBD7-2FB1-4847-AA77-EF9029CCFA98}.Debug|Any CPU.Build.0 = Debug|Any CPU
		{4C09DBD7-2FB1-4847-AA77-EF9029CCFA98}.Release|Any CPU.ActiveCfg = Release|Any CPU
		{4C09DBD7-2FB1-4847-AA77-EF9029CCFA98}.Release|Any CPU.Build.0 = Release|Any CPU
		{19F326EF-8B40-49DD-8586-6374091A4E0D}.Debug|Any CPU.ActiveCfg = Debug|Any CPU
		{19F326EF-8B40-49DD-8586-6374091A4E0D}.Debug|Any CPU.Build.0 = Debug|Any CPU
		{19F326EF-8B40-49DD-8586-6374091A4E0D}.Release|Any CPU.ActiveCfg = Release|Any CPU
		{19F326EF-8B40-49DD-8586-6374091A4E0D}.Release|Any CPU.Build.0 = Release|Any CPU
		{10778C6F-A256-4A70-8204-CF1FBB4A4BEE}.Debug|Any CPU.ActiveCfg = Debug|Any CPU
		{10778C6F-A256-4A70-8204-CF1FBB4A4BEE}.Debug|Any CPU.Build.0 = Debug|Any CPU
		{10778C6F-A256-4A70-8204-CF1FBB4A4BEE}.Release|Any CPU.ActiveCfg = Release|Any CPU
		{10778C6F-A256-4A70-8204-CF1FBB4A4BEE}.Release|Any CPU.Build.0 = Release|Any CPU
	EndGlobalSection
	GlobalSection(SolutionProperties) = preSolution
		HideSolutionNode = FALSE
	EndGlobalSection
	GlobalSection(ExtensibilityGlobals) = postSolution
		SolutionGuid = {A953F49E-CDD9-4BB4-AE4F-CF2FD9E9D809}
	EndGlobalSection
EndGlobal
